{"1.1.0",
[{<<"cowboy">>,{pkg,<<"cowboy">>,<<"2.6.3">>},0},
 {<<"cowlib">>,{pkg,<<"cowlib">>,<<"2.7.3">>},1},
 {<<"epgsql">>,{pkg,<<"epgsql">>,<<"4.2.1">>},0},
 {<<"goldrush">>,{pkg,<<"goldrush">>,<<"0.1.9">>},1},
 {<<"hut">>,{pkg,<<"hut">>,<<"1.3.0">>},0},
 {<<"jiffy">>,{pkg,<<"jiffy">>,<<"1.0.1">>},0},
 {<<"lager">>,{pkg,<<"lager">>,<<"3.7.0">>},0},
 {<<"poolboy">>,{pkg,<<"poolboy">>,<<"1.5.2">>},0},
 {<<"ranch">>,{pkg,<<"ranch">>,<<"1.7.1">>},1}]}.
[
{pkg_hash,[
 {<<"cowboy">>, <<"99AA50E94E685557CAD82E704457336A453D4ABCB77839AD22DBE71F311FCC06">>},
 {<<"cowlib">>, <<"A7FFCD0917E6D50B4D5FB28E9E2085A0CEB3C97DEA310505F7460FF5ED764CE9">>},
 {<<"epgsql">>, <<"5B8A6C4EA3AE981E946798BE388D29434B0AC857E8B4B1E4CCB9ED726345D54B">>},
 {<<"goldrush">>, <<"F06E5D5F1277DA5C413E84D5A2924174182FB108DABB39D5EC548B27424CD106">>},
 {<<"hut">>, <<"71F2F054E657C03F959CF1ACC43F436EA87580696528CA2A55C8AFB1B06C85E7">>},
 {<<"jiffy">>, <<"4F25639772CA41202F41BA9C8F6CA0933554283DD4742C90651E03471C55E341">>},
 {<<"lager">>, <<"563AB17CD32134A3DD17EC3B3622E6D8F827506AA4F8C489158879BED87D980B">>},
 {<<"poolboy">>, <<"392B007A1693A64540CEAD79830443ABF5762F5D30CF50BC95CB2C1AAAFA006B">>},
 {<<"ranch">>, <<"6B1FAB51B49196860B733A49C07604465A47BDB78AA10C1C16A3D199F7F8C881">>}]}
].
